
Microsoft Visual Studio Solution File, Format Version 12.00
# Visual Studio Version 16
VisualStudioVersion = 16.0.31624.102
MinimumVisualStudioVersion = 10.0.40219.1
Project("{FAE04EC0-301F-11D3-BF4B-00C04F79EFBC}") = "ExerciseWebAppCustomers", "ExerciseWebAppCustomers\ExerciseWebAppCustomers.csproj", "{C7334072-A862-420A-8849-C67222E49CD6}"
EndProject
Global
	GlobalSection(SolutionConfigurationPlatforms) = preSolution
		Debug|Any CPU = Debug|Any CPU
		Release|Any CPU = Release|Any CPU
	EndGlobalSection
	GlobalSection(ProjectConfigurationPlatforms) = postSolution
		{C7334072-A862-420A-8849-C67222E49CD6}.Debug|Any CPU.ActiveCfg = Debug|Any CPU
		{C7334072-A862-420A-8849-C67222E49CD6}.Debug|Any CPU.Build.0 = Debug|Any CPU
		{C7334072-A862-420A-8849-C67222E49CD6}.Release|Any CPU.ActiveCfg = Release|Any CPU
		{C7334072-A862-420A-8849-C67222E49CD6}.Release|Any CPU.Build.0 = Release|Any CPU
	EndGlobalSection
	GlobalSection(SolutionProperties) = preSolution
		HideSolutionNode = FALSE
	EndGlobalSection
	GlobalSection(ExtensibilityGlobals) = postSolution
		SolutionGuid = {59691C23-B282-4C02-9A86-E3CD03D71A88}
	EndGlobalSection
EndGlobal
